// !$*UTF8*$!
{
	archiveVersion = 1;
	classes = {
	};
	objectVersion = 48;
	objects = {

/* Begin PBXBuildFile section */
		F6DC412C1FE623FE00ECCEFE /* AppDelegate.swift in Sources */ = {isa = PBXBuildFile; fileRef = F6DC412B1FE623FE00ECCEFE /* AppDelegate.swift */; };
		F6DC412E1FE623FE00ECCEFE /* ViewController.swift in Sources */ = {isa = PBXBuildFile; fileRef = F6DC412D1FE623FE00ECCEFE /* ViewController.swift */; };
		F6DC41311FE623FE00ECCEFE /* Main.storyboard in Resources */ = {isa = PBXBuildFile; fileRef = F6DC412F1FE623FE00ECCEFE /* Main.storyboard */; };
		F6DC41331FE623FE00ECCEFE /* Assets.xcassets in Resources */ = {isa = PBXBuildFile; fileRef = F6DC41321FE623FE00ECCEFE /* Assets.xcassets */; };
		F6DC41361FE623FE00ECCEFE /* LaunchScreen.storyboard in Resources */ = {isa = PBXBuildFile; fileRef = F6DC41341FE623FE00ECCEFE /* LaunchScreen.storyboard */; };
		F6DC413E1FE62E7C00ECCEFE /* CustomCollectionViewCell.swift in Sources */ = {isa = PBXBuildFile; fileRef = F6DC413D1FE62E7C00ECCEFE /* CustomCollectionViewCell.swift */; };
/* End PBXBuildFile section */

/* Begin PBXFileReference section */
		F6DC41281FE623FE00ECCEFE /* collectionViewPractice.app */ = {isa = PBXFileReference; explicitFileType = wrapper.application; includeInIndex = 0; path = collectionViewPractice.app; sourceTree = BUILT_PRODUCTS_DIR; };
		F6DC412B1FE623FE00ECCEFE /* AppDelegate.swift */ = {isa = PBXFileReference; lastKnownFileType = sourcecode.swift; path = AppDelegate.swift; sourceTree = "<group>"; };
		F6DC412D1FE623FE00ECCEFE /* ViewController.swift */ = {isa = PBXFileReference; lastKnownFileType = sourcecode.swift; path = ViewController.swift; sourceTree = "<group>"; };
		F6DC41301FE623FE00ECCEFE /* Base */ = {isa = PBXFileReference; lastKnownFileType = file.storyboard; name = Base; path = Base.lproj/Main.storyboard; sourceTree = "<group>"; };
		F6DC41321FE623FE00ECCEFE /* Assets.xcassets */ = {isa = PBXFileReference; lastKnownFileType = folder.assetcatalog; path = Assets.xcassets; sourceTree = "<group>"; };
		F6DC41351FE623FE00ECCEFE /* Base */ = {isa = PBXFileReference; lastKnownFileType = file.storyboard; name = Base; path = Base.lproj/LaunchScreen.storyboard; sourceTree = "<group>"; };
		F6DC41371FE623FE00ECCEFE /* Info.plist */ = {isa = PBXFileReference; lastKnownFileType = text.plist.xml; path = Info.plist; sourceTree = "<group>"; };
		F6DC413D1FE62E7C00ECCEFE /* CustomCollectionViewCell.swift */ = {isa = PBXFileReference; lastKnownFileType = sourcecode.swift; path = CustomCollectionViewCell.swift; sourceTree = "<group>"; };
/* End PBXFileReference section */

/* Begin PBXFrameworksBuildPhase section */
		F6DC41251FE623FE00ECCEFE /* Frameworks */ = {
			isa = PBXFrameworksBuildPhase;
			buildActionMask = 2147483647;
			files = (
			);
			runOnlyForDeploymentPostprocessing = 0;
		};
/* End PBXFrameworksBuildPhase section */

/* Begin PBXGroup section */
		F6DC411F1FE623FE00ECCEFE = {
			isa = PBXGroup;
			children = (
				F6DC412A1FE623FE00ECCEFE /* collectionViewPractice */,
				F6DC41291FE623FE00ECCEFE /* Products */,
			);
			sourceTree = "<group>";
		};
		F6DC41291FE623FE00ECCEFE /* Products */ = {
			isa = PBXGroup;
			children = (
				F6DC41281FE623FE00ECCEFE /* collectionViewPractice.app */,
			);
			name = Products;
			sourceTree = "<group>";
		};
		F6DC412A1FE623FE00ECCEFE /* collectionViewPractice */ = {
			isa = PBXGroup;
			children = (
				F6DC412B1FE623FE00ECCEFE /* AppDelegate.swift */,
				F6DC412D1FE623FE00ECCEFE /* ViewController.swift */,
				F6DC413D1FE62E7C00ECCEFE /* CustomCollectionViewCell.swift */,
				F6DC412F1FE623FE00ECCEFE /* Main.storyboard */,
				F6DC41321FE623FE00ECCEFE /* Assets.xcassets */,
				F6DC41341FE623FE00ECCEFE /* LaunchScreen.storyboard */,
				F6DC41371FE623FE00ECCEFE /* Info.plist */,
			);
			path = collectionViewPractice;
			sourceTree = "<group>";
		};
/* End PBXGroup section */

/* Begin PBXNativeTarget section */
		F6DC41271FE623FE00ECCEFE /* collectionViewPractice */ = {
			isa = PBXNativeTarget;
			buildConfigurationList = F6DC413A1FE623FE00ECCEFE /* Build configuration list for PBXNativeTarget "collectionViewPractice" */;
			buildPhases = (
				F6DC41241FE623FE00ECCEFE /* Sources */,
				F6DC41251FE623FE00ECCEFE /* Frameworks */,
				F6DC41261FE623FE00ECCEFE /* Resources */,
			);
			buildRules = (
			);
			dependencies = (
			);
			name = collectionViewPractice;
			productName = collectionViewPractice;
			productReference = F6DC41281FE623FE00ECCEFE /* collectionViewPractice.app */;
			productType = "com.apple.product-type.application";
		};
/* End PBXNativeTarget section */

/* Begin PBXProject section */
		F6DC41201FE623FE00ECCEFE /* Project object */ = {
			isa = PBXProject;
			attributes = {
				LastSwiftUpdateCheck = 0920;
				LastUpgradeCheck = 0920;
				ORGANIZATIONNAME = "Chris Mauldin";
				TargetAttributes = {
					F6DC41271FE623FE00ECCEFE = {
						CreatedOnToolsVersion = 9.2;
						ProvisioningStyle = Automatic;
					};
				};
			};
			buildConfigurationList = F6DC41231FE623FE00ECCEFE /* Build configuration list for PBXProject "collectionViewPractice" */;
			compatibilityVersion = "Xcode 8.0";
			developmentRegion = en;
			hasScannedForEncodings = 0;
			knownRegions = (
				en,
				Base,
			);
			mainGroup = F6DC411F1FE623FE00ECCEFE;
			productRefGroup = F6DC41291FE623FE00ECCEFE /* Products */;
			projectDirPath = "";
			projectRoot = "";
			targets = (
				F6DC41271FE623FE00ECCEFE /* collectionViewPractice */,
			);
		};
/* End PBXProject section */

/* Begin PBXResourcesBuildPhase section */
		F6DC41261FE623FE00ECCEFE /* Resources */ = {
			isa = PBXResourcesBuildPhase;
			buildActionMask = 2147483647;
			files = (
				F6DC41361FE623FE00ECCEFE /* LaunchScreen.storyboard in Resources */,
				F6DC41331FE623FE00ECCEFE /* Assets.xcassets in Resources */,
				F6DC41311FE623FE00ECCEFE /* Main.storyboard in Resources */,
			);
			runOnlyForDeploymentPostprocessing = 0;
		};
/* End PBXResourcesBuildPhase section */

/* Begin PBXSourcesBuildPhase section */
		F6DC41241FE623FE00ECCEFE /* Sources */ = {
			isa = PBXSourcesBuildPhase;
			buildActionMask = 2147483647;
			files = (
				F6DC412E1FE623FE00ECCEFE /* ViewController.swift in Sources */,
				F6DC413E1FE62E7C00ECCEFE /* CustomCollectionViewCell.swift in Sources */,
				F6DC412C1FE623FE00ECCEFE /* AppDelegate.swift in Sources */,
			);
			runOnlyForDeploymentPostprocessing = 0;
		};
/* End PBXSourcesBuildPhase section */

/* Begin PBXVariantGroup section */
		F6DC412F1FE623FE00ECCEFE /* Main.storyboard */ = {
			isa = PBXVariantGroup;
			children = (
				F6DC41301FE623FE00ECCEFE /* Base */,
			);
			name = Main.storyboard;
			sourceTree = "<group>";
		};
		F6DC41341FE623FE00ECCEFE /* LaunchScreen.storyboard */ = {
			isa = PBXVariantGroup;
			children = (
				F6DC41351FE623FE00ECCEFE /* Base */,
			);
			name = LaunchScreen.storyboard;
			sourceTree = "<group>";
		};
/* End PBXVariantGroup section */

/* Begin XCBuildConfiguration section */
		F6DC41381FE623FE00ECCEFE /* Debug */ = {
			isa = XCBuildConfiguration;
			buildSettings = {
				ALWAYS_SEARCH_USER_PATHS = NO;
				CLANG_ANALYZER_NONNULL = YES;
				CLANG_ANALYZER_NUMBER_OBJECT_CONVERSION = YES_AGGRESSIVE;
				CLANG_CXX_LANGUAGE_STANDARD = "gnu++14";
				CLANG_CXX_LIBRARY = "libc++";
				CLANG_ENABLE_MODULES = YES;
				CLANG_ENABLE_OBJC_ARC = YES;
				CLANG_WARN_BLOCK_CAPTURE_AUTORELEASING = YES;
				CLANG_WARN_BOOL_CONVERSION = YES;
				CLANG_WARN_COMMA = YES;
				CLANG_WARN_CONSTANT_CONVERSION = YES;
				CLANG_WARN_DIRECT_OBJC_ISA_USAGE = YES_ERROR;
				CLANG_WARN_DOCUMENTATION_COMMENTS = YES;
				CLANG_WARN_EMPTY_BODY = YES;
				CLANG_WARN_ENUM_CONVERSION = YES;
				CLANG_WARN_INFINITE_RECURSION = YES;
				CLANG_WARN_INT_CONVERSION = YES;
				CLANG_WARN_NON_LITERAL_NULL_CONVERSION = YES;
				CLANG_WARN_OBJC_LITERAL_CONVERSION = YES;
				CLANG_WARN_OBJC_ROOT_CLASS = YES_ERROR;
				CLANG_WARN_RANGE_LOOP_ANALYSIS = YES;
				CLANG_WARN_STRICT_PROTOTYPES = YES;
				CLANG_WARN_SUSPICIOUS_MOVE = YES;
				CLANG_WARN_UNGUARDED_AVAILABILITY = YES_AGGRESSIVE;
				CLANG_WARN_UNREACHABLE_CODE = YES;
				CLANG_WARN__DUPLICATE_METHOD_MATCH = YES;
				CODE_SIGN_IDENTITY = "iPhone Developer";
				COPY_PHASE_STRIP = NO;
				DEBUG_INFORMATION_FORMAT = dwarf;
				ENABLE_STRICT_OBJC_MSGSEND = YES;
				ENABLE_TESTABILITY = YES;
				GCC_C_LANGUAGE_STANDARD = gnu11;
				GCC_DYNAMIC_NO_PIC = NO;
				GCC_NO_COMMON_BLOCKS = YES;
				GCC_OPTIMIZATION_LEVEL = 0;
				GCC_PREPROCESSOR_DEFINITIONS = (
					"DEBUG=1",
					"$(inherited)",
				);
				GCC_WARN_64_TO_32_BIT_CONVERSION = YES;
				GCC_WARN_ABOUT_RETURN_TYPE = YES_ERROR;
				GCC_WARN_UNDECLARED_SELECTOR = YES;
				GCC_WARN_UNINITIALIZED_AUTOS = YES_AGGRESSIVE;
				GCC_WARN_UNUSED_FUNCTION = YES;
				GCC_WARN_UNUSED_VARIABLE = YES;
				IPHONEOS_DEPLOYMENT_TARGET = 11.2;
				MTL_ENABLE_DEBUG_INFO = YES;
				ONLY_ACTIVE_ARCH = YES;
				SDKROOT = iphoneos;
				SWIFT_ACTIVE_COMPILATION_CONDITIONS = DEBUG;
				SWIFT_OPTIMIZATION_LEVEL = "-Onone";
			};
			name = Debug;
		};
		F6DC41391FE623FE00ECCEFE /* Release */ = {
			isa = XCBuildConfiguration;
			buildSettings = {
				ALWAYS_SEARCH_USER_PATHS = NO;
				CLANG_ANALYZER_NONNULL = YES;
				CLANG_ANALYZER_NUMBER_OBJECT_CONVERSION = YES_AGGRESSIVE;
				CLANG_CXX_LANGUAGE_STANDARD = "gnu++14";
				CLANG_CXX_LIBRARY = "libc++";
				CLANG_ENABLE_MODULES = YES;
				CLANG_ENABLE_OBJC_ARC = YES;
				CLANG_WARN_BLOCK_CAPTURE_AUTORELEASING = YES;
				CLANG_WARN_BOOL_CONVERSION = YES;
				CLANG_WARN_COMMA = YES;
				CLANG_WARN_CONSTANT_CONVERSION = YES;
				CLANG_WARN_DIRECT_OBJC_ISA_USAGE = YES_ERROR;
				CLANG_WARN_DOCUMENTATION_COMMENTS = YES;
				CLANG_WARN_EMPTY_BODY = YES;
				CLANG_WARN_ENUM_CONVERSION = YES;
				CLANG_WARN_INFINITE_RECURSION = YES;
				CLANG_WARN_INT_CONVERSION = YES;
				CLANG_WARN_NON_LITERAL_NULL_CONVERSION = YES;
				CLANG_WARN_OBJC_LITERAL_CONVERSION = YES;
				CLANG_WARN_OBJC_ROOT_CLASS = YES_ERROR;
				CLANG_WARN_RANGE_LOOP_ANALYSIS = YES;
				CLANG_WARN_STRICT_PROTOTYPES = YES;
				CLANG_WARN_SUSPICIOUS_MOVE = YES;
				CLANG_WARN_UNGUARDED_AVAILABILITY = YES_AGGRESSIVE;
				CLANG_WARN_UNREACHABLE_CODE = YES;
				CLANG_WARN__DUPLICATE_METHOD_MATCH = YES;
				CODE_SIGN_IDENTITY = "iPhone Developer";
				COPY_PHASE_STRIP = NO;
				DEBUG_INFORMATION_FORMAT = "dwarf-with-dsym";
				ENABLE_NS_ASSERTIONS = NO;
				ENABLE_STRICT_OBJC_MSGSEND = YES;
				GCC_C_LANGUAGE_STANDARD = gnu11;
				GCC_NO_COMMON_BLOCKS = YES;
				GCC_WARN_64_TO_32_BIT_CONVERSION = YES;
				GCC_WARN_ABOUT_RETURN_TYPE = YES_ERROR;
				GCC_WARN_UNDECLARED_SELECTOR = YES;
				GCC_WARN_UNINITIALIZED_AUTOS = YES_AGGRESSIVE;
				GCC_WARN_UNUSED_FUNCTION = YES;
				GCC_WARN_UNUSED_VARIABLE = YES;
				IPHONEOS_DEPLOYMENT_TARGET = 11.2;
				MTL_ENABLE_DEBUG_INFO = NO;
				SDKROOT = iphoneos;
				SWIFT_OPTIMIZATION_LEVEL = "-Owholemodule";
				VALIDATE_PRODUCT = YES;
			};
			name = Release;
		};
		F6DC413B1FE623FE00ECCEFE /* Debug */ = {
			isa = XCBuildConfiguration;
			buildSettings = {
				ASSETCATALOG_COMPILER_APPICON_NAME = AppIcon;
				CODE_SIGN_STYLE = Automatic;
				DEVELOPMENT_TEAM = K62Y623GK6;
				INFOPLIST_FILE = collectionViewPractice/Info.plist;
				LD_RUNPATH_SEARCH_PATHS = "$(inherited) @executable_path/Frameworks";
				PRODUCT_BUNDLE_IDENTIFIER = "e-bushi.collectionViewPractice";
				PRODUCT_NAME = "$(TARGET_NAME)";
				SWIFT_VERSION = 4.0;
				TARGETED_DEVICE_FAMILY = "1,2";
			};
			name = Debug;
		};
		F6DC413C1FE623FE00ECCEFE /* Release */ = {
			isa = XCBuildConfiguration;
			buildSettings = {
				ASSETCATALOG_COMPILER_APPICON_NAME = AppIcon;
				CODE_SIGN_STYLE = Automatic;
				DEVELOPMENT_TEAM = K62Y623GK6;
				INFOPLIST_FILE = collectionViewPractice/Info.plist;
				LD_RUNPATH_SEARCH_PATHS = "$(inherited) @executable_path/Frameworks";
				PRODUCT_BUNDLE_IDENTIFIER = "e-bushi.collectionViewPractice";
				PRODUCT_NAME = "$(TARGET_NAME)";
				SWIFT_VERSION = 4.0;
				TARGETED_DEVICE_FAMILY = "1,2";
			};
			name = Release;
		};
/* End XCBuildConfiguration section */

/* Begin XCConfigurationList section */
		F6DC41231FE623FE00ECCEFE /* Build configuration list for PBXProject "collectionViewPractice" */ = {
			isa = XCConfigurationList;
			buildConfigurations = (
				F6DC41381FE623FE00ECCEFE /* Debug */,
				F6DC41391FE623FE00ECCEFE /* Release */,
			);
			defaultConfigurationIsVisible = 0;
			defaultConfigurationName = Release;
		};
		F6DC413A1FE623FE00ECCEFE /* Build configuration list for PBXNativeTarget "collectionViewPractice" */ = {
			isa = XCConfigurationList;
			buildConfigurations = (
				F6DC413B1FE623FE00ECCEFE /* Debug */,
				F6DC413C1FE623FE00ECCEFE /* Release */,
			);
			defaultConfigurationIsVisible = 0;
			defaultConfigurationName = Release;
		};
/* End XCConfigurationList section */
	};
	rootObject = F6DC41201FE623FE00ECCEFE /* Project object */;
}
